// !$*UTF8*$!
{
	archiveVersion = 1;
	classes = {
	};
	objectVersion = 50;
	objects = {

/* Begin PBXBuildFile section */
		D65351502293E796000560E1 /* AppDelegate.m in Sources */ = {isa = PBXBuildFile; fileRef = D653514F2293E796000560E1 /* AppDelegate.m */; };
		D65351532293E796000560E1 /* ViewController.m in Sources */ = {isa = PBXBuildFile; fileRef = D65351522293E796000560E1 /* ViewController.m */; };
		D65351562293E796000560E1 /* Main.storyboard in Resources */ = {isa = PBXBuildFile; fileRef = D65351542293E796000560E1 /* Main.storyboard */; };
		D65351582293E79A000560E1 /* Assets.xcassets in Resources */ = {isa = PBXBuildFile; fileRef = D65351572293E79A000560E1 /* Assets.xcassets */; };
		D653515B2293E79A000560E1 /* LaunchScreen.storyboard in Resources */ = {isa = PBXBuildFile; fileRef = D65351592293E79A000560E1 /* LaunchScreen.storyboard */; };
		D653515E2293E79A000560E1 /* main.m in Sources */ = {isa = PBXBuildFile; fileRef = D653515D2293E79A000560E1 /* main.m */; };
		D65351CA229643CF000560E1 /* LoadMeasure.framework in Frameworks */ = {isa = PBXBuildFile; fileRef = D65351C3229643CF000560E1 /* LoadMeasure.framework */; };
		D65351CB229643CF000560E1 /* LoadMeasure.framework in Embed Frameworks */ = {isa = PBXBuildFile; fileRef = D65351C3229643CF000560E1 /* LoadMeasure.framework */; settings = {ATTRIBUTES = (CodeSignOnCopy, RemoveHeadersOnCopy, ); }; };
		D65351CF2296451E000560E1 /* LoadMeasure.h in Headers */ = {isa = PBXBuildFile; fileRef = D65351B7229589C6000560E1 /* LoadMeasure.h */; settings = {ATTRIBUTES = (Public, ); }; };
		D65351D022964526000560E1 /* LoadMeasure.m in Sources */ = {isa = PBXBuildFile; fileRef = D653517D2294106F000560E1 /* LoadMeasure.m */; };
/* End PBXBuildFile section */

/* Begin PBXContainerItemProxy section */
		D65351C8229643CF000560E1 /* PBXContainerItemProxy */ = {
			isa = PBXContainerItemProxy;
			containerPortal = D65351432293E796000560E1 /* Project object */;
			proxyType = 1;
			remoteGlobalIDString = D65351C2229643CF000560E1;
			remoteInfo = LoadMeasure;
		};
/* End PBXContainerItemProxy section */

/* Begin PBXCopyFilesBuildPhase section */
		D65351752293E7C8000560E1 /* Embed Frameworks */ = {
			isa = PBXCopyFilesBuildPhase;
			buildActionMask = 2147483647;
			dstPath = "";
			dstSubfolderSpec = 10;
			files = (
				D65351CB229643CF000560E1 /* LoadMeasure.framework in Embed Frameworks */,
			);
			name = "Embed Frameworks";
			runOnlyForDeploymentPostprocessing = 0;
		};
/* End PBXCopyFilesBuildPhase section */

/* Begin PBXFileReference section */
		D653514B2293E796000560E1 /* HookLoadMethods.app */ = {isa = PBXFileReference; explicitFileType = wrapper.application; includeInIndex = 0; path = HookLoadMethods.app; sourceTree = BUILT_PRODUCTS_DIR; };
		D653514E2293E796000560E1 /* AppDelegate.h */ = {isa = PBXFileReference; lastKnownFileType = sourcecode.c.h; path = AppDelegate.h; sourceTree = "<group>"; };
		D653514F2293E796000560E1 /* AppDelegate.m */ = {isa = PBXFileReference; lastKnownFileType = sourcecode.c.objc; path = AppDelegate.m; sourceTree = "<group>"; };
		D65351512293E796000560E1 /* ViewController.h */ = {isa = PBXFileReference; lastKnownFileType = sourcecode.c.h; path = ViewController.h; sourceTree = "<group>"; };
		D65351522293E796000560E1 /* ViewController.m */ = {isa = PBXFileReference; lastKnownFileType = sourcecode.c.objc; path = ViewController.m; sourceTree = "<group>"; };
		D65351552293E796000560E1 /* Base */ = {isa = PBXFileReference; lastKnownFileType = file.storyboard; name = Base; path = Base.lproj/Main.storyboard; sourceTree = "<group>"; };
		D65351572293E79A000560E1 /* Assets.xcassets */ = {isa = PBXFileReference; lastKnownFileType = folder.assetcatalog; path = Assets.xcassets; sourceTree = "<group>"; };
		D653515A2293E79A000560E1 /* Base */ = {isa = PBXFileReference; lastKnownFileType = file.storyboard; name = Base; path = Base.lproj/LaunchScreen.storyboard; sourceTree = "<group>"; };
		D653515C2293E79A000560E1 /* Info.plist */ = {isa = PBXFileReference; lastKnownFileType = text.plist.xml; path = Info.plist; sourceTree = "<group>"; };
		D653515D2293E79A000560E1 /* main.m */ = {isa = PBXFileReference; lastKnownFileType = sourcecode.c.objc; path = main.m; sourceTree = "<group>"; };
		D653517D2294106F000560E1 /* LoadMeasure.m */ = {isa = PBXFileReference; lastKnownFileType = sourcecode.c.objc; path = LoadMeasure.m; sourceTree = "<group>"; };
		D65351B7229589C6000560E1 /* LoadMeasure.h */ = {isa = PBXFileReference; fileEncoding = 4; lastKnownFileType = sourcecode.c.h; path = LoadMeasure.h; sourceTree = "<group>"; };
		D65351C3229643CF000560E1 /* LoadMeasure.framework */ = {isa = PBXFileReference; explicitFileType = wrapper.framework; includeInIndex = 0; path = LoadMeasure.framework; sourceTree = BUILT_PRODUCTS_DIR; };
		D65351C6229643CF000560E1 /* Info.plist */ = {isa = PBXFileReference; lastKnownFileType = text.plist.xml; path = Info.plist; sourceTree = "<group>"; };
/* End PBXFileReference section */

/* Begin PBXFrameworksBuildPhase section */
		D65351482293E796000560E1 /* Frameworks */ = {
			isa = PBXFrameworksBuildPhase;
			buildActionMask = 2147483647;
			files = (
				D65351CA229643CF000560E1 /* LoadMeasure.framework in Frameworks */,
			);
			runOnlyForDeploymentPostprocessing = 0;
		};
		D65351C0229643CF000560E1 /* Frameworks */ = {
			isa = PBXFrameworksBuildPhase;
			buildActionMask = 2147483647;
			files = (
			);
			runOnlyForDeploymentPostprocessing = 0;
		};
/* End PBXFrameworksBuildPhase section */

/* Begin PBXGroup section */
		D65351422293E796000560E1 = {
			isa = PBXGroup;
			children = (
				D653514D2293E796000560E1 /* HookLoadMethods */,
				D65351C4229643CF000560E1 /* LoadMeasure */,
				D653514C2293E796000560E1 /* Products */,
			);
			sourceTree = "<group>";
		};
		D653514C2293E796000560E1 /* Products */ = {
			isa = PBXGroup;
			children = (
				D653514B2293E796000560E1 /* HookLoadMethods.app */,
				D65351C3229643CF000560E1 /* LoadMeasure.framework */,
			);
			name = Products;
			sourceTree = "<group>";
		};
		D653514D2293E796000560E1 /* HookLoadMethods */ = {
			isa = PBXGroup;
			children = (
				D653514E2293E796000560E1 /* AppDelegate.h */,
				D653514F2293E796000560E1 /* AppDelegate.m */,
				D65351512293E796000560E1 /* ViewController.h */,
				D65351522293E796000560E1 /* ViewController.m */,
				D65351542293E796000560E1 /* Main.storyboard */,
				D65351572293E79A000560E1 /* Assets.xcassets */,
				D65351592293E79A000560E1 /* LaunchScreen.storyboard */,
				D653515C2293E79A000560E1 /* Info.plist */,
				D653515D2293E79A000560E1 /* main.m */,
			);
			path = HookLoadMethods;
			sourceTree = "<group>";
		};
		D65351C4229643CF000560E1 /* LoadMeasure */ = {
			isa = PBXGroup;
			children = (
				D65351B7229589C6000560E1 /* LoadMeasure.h */,
				D653517D2294106F000560E1 /* LoadMeasure.m */,
				D65351C6229643CF000560E1 /* Info.plist */,
			);
			path = LoadMeasure;
			sourceTree = "<group>";
		};
/* End PBXGroup section */

/* Begin PBXHeadersBuildPhase section */
		D65351BE229643CF000560E1 /* Headers */ = {
			isa = PBXHeadersBuildPhase;
			buildActionMask = 2147483647;
			files = (
				D65351CF2296451E000560E1 /* LoadMeasure.h in Headers */,
			);
			runOnlyForDeploymentPostprocessing = 0;
		};
/* End PBXHeadersBuildPhase section */

/* Begin PBXNativeTarget section */
		D653514A2293E796000560E1 /* HookLoadMethods */ = {
			isa = PBXNativeTarget;
			buildConfigurationList = D65351612293E79A000560E1 /* Build configuration list for PBXNativeTarget "HookLoadMethods" */;
			buildPhases = (
				D65351472293E796000560E1 /* Sources */,
				D65351482293E796000560E1 /* Frameworks */,
				D65351492293E796000560E1 /* Resources */,
				D65351752293E7C8000560E1 /* Embed Frameworks */,
			);
			buildRules = (
			);
			dependencies = (
				D65351C9229643CF000560E1 /* PBXTargetDependency */,
			);
			name = HookLoadMethods;
			productName = HookLoadMethods;
			productReference = D653514B2293E796000560E1 /* HookLoadMethods.app */;
			productType = "com.apple.product-type.application";
		};
		D65351C2229643CF000560E1 /* LoadMeasure */ = {
			isa = PBXNativeTarget;
			buildConfigurationList = D65351CE229643CF000560E1 /* Build configuration list for PBXNativeTarget "LoadMeasure" */;
			buildPhases = (
				D65351BE229643CF000560E1 /* Headers */,
				D65351BF229643CF000560E1 /* Sources */,
				D65351C0229643CF000560E1 /* Frameworks */,
				D65351C1229643CF000560E1 /* Resources */,
			);
			buildRules = (
			);
			dependencies = (
			);
			name = LoadMeasure;
			productName = LoadMeasure;
			productReference = D65351C3229643CF000560E1 /* LoadMeasure.framework */;
			productType = "com.apple.product-type.framework";
		};
/* End PBXNativeTarget section */

/* Begin PBXProject section */
		D65351432293E796000560E1 /* Project object */ = {
			isa = PBXProject;
			attributes = {
				LastUpgradeCheck = 1010;
				ORGANIZATIONNAME = tripleCC;
				TargetAttributes = {
					D653514A2293E796000560E1 = {
						CreatedOnToolsVersion = 10.1;
					};
					D65351C2229643CF000560E1 = {
						CreatedOnToolsVersion = 10.1;
					};
				};
			};
			buildConfigurationList = D65351462293E796000560E1 /* Build configuration list for PBXProject "HookLoadMethods" */;
			compatibilityVersion = "Xcode 9.3";
			developmentRegion = en;
			hasScannedForEncodings = 0;
			knownRegions = (
				en,
				Base,
			);
			mainGroup = D65351422293E796000560E1;
			productRefGroup = D653514C2293E796000560E1 /* Products */;
			projectDirPath = "";
			projectRoot = "";
			targets = (
				D653514A2293E796000560E1 /* HookLoadMethods */,
				D65351C2229643CF000560E1 /* LoadMeasure */,
			);
		};
/* End PBXProject section */

/* Begin PBXResourcesBuildPhase section */
		D65351492293E796000560E1 /* Resources */ = {
			isa = PBXResourcesBuildPhase;
			buildActionMask = 2147483647;
			files = (
				D653515B2293E79A000560E1 /* LaunchScreen.storyboard in Resources */,
				D65351582293E79A000560E1 /* Assets.xcassets in Resources */,
				D65351562293E796000560E1 /* Main.storyboard in Resources */,
			);
			runOnlyForDeploymentPostprocessing = 0;
		};
		D65351C1229643CF000560E1 /* Resources */ = {
			isa = PBXResourcesBuildPhase;
			buildActionMask = 2147483647;
			files = (
			);
			runOnlyForDeploymentPostprocessing = 0;
		};
/* End PBXResourcesBuildPhase section */

/* Begin PBXSourcesBuildPhase section */
		D65351472293E796000560E1 /* Sources */ = {
			isa = PBXSourcesBuildPhase;
			buildActionMask = 2147483647;
			files = (
				D65351532293E796000560E1 /* ViewController.m in Sources */,
				D653515E2293E79A000560E1 /* main.m in Sources */,
				D65351502293E796000560E1 /* AppDelegate.m in Sources */,
			);
			runOnlyForDeploymentPostprocessing = 0;
		};
		D65351BF229643CF000560E1 /* Sources */ = {
			isa = PBXSourcesBuildPhase;
			buildActionMask = 2147483647;
			files = (
				D65351D022964526000560E1 /* LoadMeasure.m in Sources */,
			);
			runOnlyForDeploymentPostprocessing = 0;
		};
/* End PBXSourcesBuildPhase section */

/* Begin PBXTargetDependency section */
		D65351C9229643CF000560E1 /* PBXTargetDependency */ = {
			isa = PBXTargetDependency;
			target = D65351C2229643CF000560E1 /* LoadMeasure */;
			targetProxy = D65351C8229643CF000560E1 /* PBXContainerItemProxy */;
		};
/* End PBXTargetDependency section */

/* Begin PBXVariantGroup section */
		D65351542293E796000560E1 /* Main.storyboard */ = {
			isa = PBXVariantGroup;
			children = (
				D65351552293E796000560E1 /* Base */,
			);
			name = Main.storyboard;
			sourceTree = "<group>";
		};
		D65351592293E79A000560E1 /* LaunchScreen.storyboard */ = {
			isa = PBXVariantGroup;
			children = (
				D653515A2293E79A000560E1 /* Base */,
			);
			name = LaunchScreen.storyboard;
			sourceTree = "<group>";
		};
/* End PBXVariantGroup section */

/* Begin XCBuildConfiguration section */
		D653515F2293E79A000560E1 /* Debug */ = {
			isa = XCBuildConfiguration;
			buildSettings = {
				ALWAYS_SEARCH_USER_PATHS = NO;
				CLANG_ANALYZER_NONNULL = YES;
				CLANG_ANALYZER_NUMBER_OBJECT_CONVERSION = YES_AGGRESSIVE;
				CLANG_CXX_LANGUAGE_STANDARD = "gnu++14";
				CLANG_CXX_LIBRARY = "libc++";
				CLANG_ENABLE_MODULES = YES;
				CLANG_ENABLE_OBJC_ARC = YES;
				CLANG_ENABLE_OBJC_WEAK = YES;
				CLANG_WARN_BLOCK_CAPTURE_AUTORELEASING = YES;
				CLANG_WARN_BOOL_CONVERSION = YES;
				CLANG_WARN_COMMA = YES;
				CLANG_WARN_CONSTANT_CONVERSION = YES;
				CLANG_WARN_DEPRECATED_OBJC_IMPLEMENTATIONS = YES;
				CLANG_WARN_DIRECT_OBJC_ISA_USAGE = YES_ERROR;
				CLANG_WARN_DOCUMENTATION_COMMENTS = YES;
				CLANG_WARN_EMPTY_BODY = YES;
				CLANG_WARN_ENUM_CONVERSION = YES;
				CLANG_WARN_INFINITE_RECURSION = YES;
				CLANG_WARN_INT_CONVERSION = YES;
				CLANG_WARN_NON_LITERAL_NULL_CONVERSION = YES;
				CLANG_WARN_OBJC_IMPLICIT_RETAIN_SELF = YES;
				CLANG_WARN_OBJC_LITERAL_CONVERSION = YES;
				CLANG_WARN_OBJC_ROOT_CLASS = YES_ERROR;
				CLANG_WARN_RANGE_LOOP_ANALYSIS = YES;
				CLANG_WARN_STRICT_PROTOTYPES = YES;
				CLANG_WARN_SUSPICIOUS_MOVE = YES;
				CLANG_WARN_UNGUARDED_AVAILABILITY = YES_AGGRESSIVE;
				CLANG_WARN_UNREACHABLE_CODE = YES;
				CLANG_WARN__DUPLICATE_METHOD_MATCH = YES;
				CODE_SIGN_IDENTITY = "iPhone Developer";
				COPY_PHASE_STRIP = NO;
				DEBUG_INFORMATION_FORMAT = dwarf;
				ENABLE_STRICT_OBJC_MSGSEND = YES;
				ENABLE_TESTABILITY = YES;
				GCC_C_LANGUAGE_STANDARD = gnu11;
				GCC_DYNAMIC_NO_PIC = NO;
				GCC_NO_COMMON_BLOCKS = YES;
				GCC_OPTIMIZATION_LEVEL = 0;
				GCC_PREPROCESSOR_DEFINITIONS = (
					"DEBUG=1",
					"$(inherited)",
				);
				GCC_WARN_64_TO_32_BIT_CONVERSION = YES;
				GCC_WARN_ABOUT_RETURN_TYPE = YES_ERROR;
				GCC_WARN_UNDECLARED_SELECTOR = YES;
				GCC_WARN_UNINITIALIZED_AUTOS = YES_AGGRESSIVE;
				GCC_WARN_UNUSED_FUNCTION = YES;
				GCC_WARN_UNUSED_VARIABLE = YES;
				IPHONEOS_DEPLOYMENT_TARGET = 12.1;
				MTL_ENABLE_DEBUG_INFO = INCLUDE_SOURCE;
				MTL_FAST_MATH = YES;
				ONLY_ACTIVE_ARCH = YES;
				SDKROOT = iphoneos;
			};
			name = Debug;
		};
		D65351602293E79A000560E1 /* Release */ = {
			isa = XCBuildConfiguration;
			buildSettings = {
				ALWAYS_SEARCH_USER_PATHS = NO;
				CLANG_ANALYZER_NONNULL = YES;
				CLANG_ANALYZER_NUMBER_OBJECT_CONVERSION = YES_AGGRESSIVE;
				CLANG_CXX_LANGUAGE_STANDARD = "gnu++14";
				CLANG_CXX_LIBRARY = "libc++";
				CLANG_ENABLE_MODULES = YES;
				CLANG_ENABLE_OBJC_ARC = YES;
				CLANG_ENABLE_OBJC_WEAK = YES;
				CLANG_WARN_BLOCK_CAPTURE_AUTORELEASING = YES;
				CLANG_WARN_BOOL_CONVERSION = YES;
				CLANG_WARN_COMMA = YES;
				CLANG_WARN_CONSTANT_CONVERSION = YES;
				CLANG_WARN_DEPRECATED_OBJC_IMPLEMENTATIONS = YES;
				CLANG_WARN_DIRECT_OBJC_ISA_USAGE = YES_ERROR;
				CLANG_WARN_DOCUMENTATION_COMMENTS = YES;
				CLANG_WARN_EMPTY_BODY = YES;
				CLANG_WARN_ENUM_CONVERSION = YES;
				CLANG_WARN_INFINITE_RECURSION = YES;
				CLANG_WARN_INT_CONVERSION = YES;
				CLANG_WARN_NON_LITERAL_NULL_CONVERSION = YES;
				CLANG_WARN_OBJC_IMPLICIT_RETAIN_SELF = YES;
				CLANG_WARN_OBJC_LITERAL_CONVERSION = YES;
				CLANG_WARN_OBJC_ROOT_CLASS = YES_ERROR;
				CLANG_WARN_RANGE_LOOP_ANALYSIS = YES;
				CLANG_WARN_STRICT_PROTOTYPES = YES;
				CLANG_WARN_SUSPICIOUS_MOVE = YES;
				CLANG_WARN_UNGUARDED_AVAILABILITY = YES_AGGRESSIVE;
				CLANG_WARN_UNREACHABLE_CODE = YES;
				CLANG_WARN__DUPLICATE_METHOD_MATCH = YES;
				CODE_SIGN_IDENTITY = "iPhone Developer";
				COPY_PHASE_STRIP = NO;
				DEBUG_INFORMATION_FORMAT = "dwarf-with-dsym";
				ENABLE_NS_ASSERTIONS = NO;
				ENABLE_STRICT_OBJC_MSGSEND = YES;
				GCC_C_LANGUAGE_STANDARD = gnu11;
				GCC_NO_COMMON_BLOCKS = YES;
				GCC_WARN_64_TO_32_BIT_CONVERSION = YES;
				GCC_WARN_ABOUT_RETURN_TYPE = YES_ERROR;
				GCC_WARN_UNDECLARED_SELECTOR = YES;
				GCC_WARN_UNINITIALIZED_AUTOS = YES_AGGRESSIVE;
				GCC_WARN_UNUSED_FUNCTION = YES;
				GCC_WARN_UNUSED_VARIABLE = YES;
				IPHONEOS_DEPLOYMENT_TARGET = 12.1;
				MTL_ENABLE_DEBUG_INFO = NO;
				MTL_FAST_MATH = YES;
				SDKROOT = iphoneos;
				VALIDATE_PRODUCT = YES;
			};
			name = Release;
		};
		D65351622293E79A000560E1 /* Debug */ = {
			isa = XCBuildConfiguration;
			buildSettings = {
				ASSETCATALOG_COMPILER_APPICON_NAME = AppIcon;
				CODE_SIGN_STYLE = Automatic;
				DEVELOPMENT_TEAM = 8BU8NMY9TY;
				INFOPLIST_FILE = HookLoadMethods/Info.plist;
				LD_RUNPATH_SEARCH_PATHS = (
					"$(inherited)",
					"@executable_path/Frameworks",
				);
				PRODUCT_BUNDLE_IDENTIFIER = com.caotai.HookLoadMethods;
				PRODUCT_NAME = "$(TARGET_NAME)";
				TARGETED_DEVICE_FAMILY = "1,2";
			};
			name = Debug;
		};
		D65351632293E79A000560E1 /* Release */ = {
			isa = XCBuildConfiguration;
			buildSettings = {
				ASSETCATALOG_COMPILER_APPICON_NAME = AppIcon;
				CODE_SIGN_STYLE = Automatic;
				DEVELOPMENT_TEAM = 8BU8NMY9TY;
				INFOPLIST_FILE = HookLoadMethods/Info.plist;
				LD_RUNPATH_SEARCH_PATHS = (
					"$(inherited)",
					"@executable_path/Frameworks",
				);
				PRODUCT_BUNDLE_IDENTIFIER = com.caotai.HookLoadMethods;
				PRODUCT_NAME = "$(TARGET_NAME)";
				TARGETED_DEVICE_FAMILY = "1,2";
			};
			name = Release;
		};
		D65351CC229643CF000560E1 /* Debug */ = {
			isa = XCBuildConfiguration;
			buildSettings = {
				CODE_SIGN_IDENTITY = "";
				CODE_SIGN_STYLE = Automatic;
				CURRENT_PROJECT_VERSION = 1;
				DEFINES_MODULE = YES;
				DEVELOPMENT_TEAM = 8BU8NMY9TY;
				DYLIB_COMPATIBILITY_VERSION = 1;
				DYLIB_CURRENT_VERSION = 1;
				DYLIB_INSTALL_NAME_BASE = "@rpath";
				INFOPLIST_FILE = LoadMeasure/Info.plist;
				INSTALL_PATH = "$(LOCAL_LIBRARY_DIR)/Frameworks";
				LD_RUNPATH_SEARCH_PATHS = (
					"$(inherited)",
					"@executable_path/Frameworks",
					"@loader_path/Frameworks",
				);
				PRODUCT_BUNDLE_IDENTIFIER = com.caotai.LoadMeasure;
				PRODUCT_NAME = "$(TARGET_NAME:c99extidentifier)";
				SKIP_INSTALL = YES;
				TARGETED_DEVICE_FAMILY = "1,2";
				VERSIONING_SYSTEM = "apple-generic";
				VERSION_INFO_PREFIX = "";
			};
			name = Debug;
		};
		D65351CD229643CF000560E1 /* Release */ = {
			isa = XCBuildConfiguration;
			buildSettings = {
				CODE_SIGN_IDENTITY = "";
				CODE_SIGN_STYLE = Automatic;
				CURRENT_PROJECT_VERSION = 1;
				DEFINES_MODULE = YES;
				DEVELOPMENT_TEAM = 8BU8NMY9TY;
				DYLIB_COMPATIBILITY_VERSION = 1;
				DYLIB_CURRENT_VERSION = 1;
				DYLIB_INSTALL_NAME_BASE = "@rpath";
				INFOPLIST_FILE = LoadMeasure/Info.plist;
				INSTALL_PATH = "$(LOCAL_LIBRARY_DIR)/Frameworks";
				LD_RUNPATH_SEARCH_PATHS = (
					"$(inherited)",
					"@executable_path/Frameworks",
					"@loader_path/Frameworks",
				);
				PRODUCT_BUNDLE_IDENTIFIER = com.caotai.LoadMeasure;
				PRODUCT_NAME = "$(TARGET_NAME:c99extidentifier)";
				SKIP_INSTALL = YES;
				TARGETED_DEVICE_FAMILY = "1,2";
				VERSIONING_SYSTEM = "apple-generic";
				VERSION_INFO_PREFIX = "";
			};
			name = Release;
		};
/* End XCBuildConfiguration section */

/* Begin XCConfigurationList section */
		D65351462293E796000560E1 /* Build configuration list for PBXProject "HookLoadMethods" */ = {
			isa = XCConfigurationList;
			buildConfigurations = (
				D653515F2293E79A000560E1 /* Debug */,
				D65351602293E79A000560E1 /* Release */,
			);
			defaultConfigurationIsVisible = 0;
			defaultConfigurationName = Release;
		};
		D65351612293E79A000560E1 /* Build configuration list for PBXNativeTarget "HookLoadMethods" */ = {
			isa = XCConfigurationList;
			buildConfigurations = (
				D65351622293E79A000560E1 /* Debug */,
				D65351632293E79A000560E1 /* Release */,
			);
			defaultConfigurationIsVisible = 0;
			defaultConfigurationName = Release;
		};
		D65351CE229643CF000560E1 /* Build configuration list for PBXNativeTarget "LoadMeasure" */ = {
			isa = XCConfigurationList;
			buildConfigurations = (
				D65351CC229643CF000560E1 /* Debug */,
				D65351CD229643CF000560E1 /* Release */,
			);
			defaultConfigurationIsVisible = 0;
			defaultConfigurationName = Release;
		};
/* End XCConfigurationList section */
	};
	rootObject = D65351432293E796000560E1 /* Project object */;
}
