// !$*UTF8*$!
{
	archiveVersion = 1;
	classes = {
	};
	objectVersion = 50;
	objects = {

/* Begin PBXFileReference section */
		D6F0DAA222A66455002FBC96 /* mtoc.c */ = {isa = PBXFileReference; lastKnownFileType = sourcecode.c.c; path = mtoc.c; sourceTree = "<group>"; };
		D6F0DAA322A66455002FBC96 /* Makefile */ = {isa = PBXFileReference; lastKnownFileType = sourcecode.make; path = Makefile; sourceTree = "<group>"; };
		D6F0DAA422A66455002FBC96 /* makerelocs.c */ = {isa = PBXFileReference; lastKnownFileType = sourcecode.c.c; path = makerelocs.c; sourceTree = "<group>"; };
/* End PBXFileReference section */

/* Begin PBXGroup section */
		D6F0DA9C22A66455002FBC96 = {
			isa = PBXGroup;
			children = (
				D6F0DAA222A66455002FBC96 /* mtoc.c */,
				D6F0DAA322A66455002FBC96 /* Makefile */,
				D6F0DAA422A66455002FBC96 /* makerelocs.c */,
			);
			sourceTree = "<group>";
		};
/* End PBXGroup section */

/* Begin PBXLegacyTarget section */
		D6F0DAA122A66455002FBC96 /* efitools */ = {
			isa = PBXLegacyTarget;
			buildArgumentsString = "$(ACTION)";
			buildConfigurationList = D6F0DAA522A66455002FBC96 /* Build configuration list for PBXLegacyTarget "efitools" */;
			buildPhases = (
			);
			buildToolPath = /usr/bin/make;
			buildWorkingDirectory = "/Users/songruiwang/GitHub/Laboratory/AppleSources/cctools-895/efitools";
			dependencies = (
			);
			name = efitools;
			passBuildSettingsInEnvironment = 1;
			productName = efitools;
		};
/* End PBXLegacyTarget section */

/* Begin PBXProject section */
		D6F0DA9D22A66455002FBC96 /* Project object */ = {
			isa = PBXProject;
			attributes = {
			};
			buildConfigurationList = D6F0DAA022A66455002FBC96 /* Build configuration list for PBXProject "efitools" */;
			compatibilityVersion = "Xcode 9.3";
			developmentRegion = en;
			hasScannedForEncodings = 0;
			knownRegions = (
				en,
			);
			mainGroup = D6F0DA9C22A66455002FBC96;
			projectDirPath = "";
			projectRoot = "";
			targets = (
				D6F0DAA122A66455002FBC96 /* efitools */,
			);
		};
/* End PBXProject section */

/* Begin XCBuildConfiguration section */
		D6F0DA9E22A66455002FBC96 /* Debug */ = {
			isa = XCBuildConfiguration;
			buildSettings = {
				ARCHS = "$(ARCHS_STANDARD_32_BIT)";
				COPY_PHASE_STRIP = NO;
				GCC_WARN_ABOUT_RETURN_TYPE = YES;
				GCC_WARN_UNUSED_VARIABLE = YES;
				ONLY_ACTIVE_ARCH = YES;
				SDKROOT = macosx10.6;
			};
			name = Debug;
		};
		D6F0DA9F22A66455002FBC96 /* Release */ = {
			isa = XCBuildConfiguration;
			buildSettings = {
				ARCHS = "$(ARCHS_STANDARD_32_BIT)";
				COPY_PHASE_STRIP = YES;
				GCC_WARN_ABOUT_RETURN_TYPE = YES;
				GCC_WARN_UNUSED_VARIABLE = YES;
				SDKROOT = macosx10.6;
			};
			name = Release;
		};
		D6F0DAA622A66455002FBC96 /* Debug */ = {
			isa = XCBuildConfiguration;
			buildSettings = {
				COPY_PHASE_STRIP = NO;
				DEBUGGING_SYMBOLS = YES;
				GCC_DYNAMIC_NO_PIC = NO;
				GCC_ENABLE_FIX_AND_CONTINUE = YES;
				GCC_GENERATE_DEBUGGING_SYMBOLS = YES;
				GCC_OPTIMIZATION_LEVEL = 0;
				OTHER_CFLAGS = "";
				OTHER_LDFLAGS = "";
				PRODUCT_NAME = efitools;
			};
			name = Debug;
		};
		D6F0DAA722A66455002FBC96 /* Release */ = {
			isa = XCBuildConfiguration;
			buildSettings = {
				COPY_PHASE_STRIP = YES;
				DEBUG_INFORMATION_FORMAT = "dwarf-with-dsym";
				GCC_ENABLE_FIX_AND_CONTINUE = NO;
				OTHER_CFLAGS = "";
				OTHER_LDFLAGS = "";
				PRODUCT_NAME = efitools;
			};
			name = Release;
		};
/* End XCBuildConfiguration section */

/* Begin XCConfigurationList section */
		D6F0DAA022A66455002FBC96 /* Build configuration list for PBXProject "efitools" */ = {
			isa = XCConfigurationList;
			buildConfigurations = (
				D6F0DA9E22A66455002FBC96 /* Debug */,
				D6F0DA9F22A66455002FBC96 /* Release */,
			);
			defaultConfigurationIsVisible = 0;
			defaultConfigurationName = Release;
		};
		D6F0DAA522A66455002FBC96 /* Build configuration list for PBXLegacyTarget "efitools" */ = {
			isa = XCConfigurationList;
			buildConfigurations = (
				D6F0DAA622A66455002FBC96 /* Debug */,
				D6F0DAA722A66455002FBC96 /* Release */,
			);
			defaultConfigurationIsVisible = 0;
			defaultConfigurationName = Release;
		};
/* End XCConfigurationList section */
	};
	rootObject = D6F0DA9D22A66455002FBC96 /* Project object */;
}
