// !$*UTF8*$!
{
	archiveVersion = 1;
	classes = {
	};
	objectVersion = 50;
	objects = {

/* Begin PBXFileReference section */
		D6F0DA2522A66447002FBC96 /* Makefile */ = {isa = PBXFileReference; lastKnownFileType = sourcecode.make; path = Makefile; sourceTree = "<group>"; };
		D6F0DA2622A66447002FBC96 /* libsyminfo.c */ = {isa = PBXFileReference; lastKnownFileType = sourcecode.c.c; path = libsyminfo.c; sourceTree = "<group>"; };
/* End PBXFileReference section */

/* Begin PBXGroup section */
		D6F0DA1F22A66447002FBC96 = {
			isa = PBXGroup;
			children = (
				D6F0DA2522A66447002FBC96 /* Makefile */,
				D6F0DA2622A66447002FBC96 /* libsyminfo.c */,
			);
			sourceTree = "<group>";
		};
/* End PBXGroup section */

/* Begin PBXLegacyTarget section */
		D6F0DA2422A66447002FBC96 /* cbtlibs */ = {
			isa = PBXLegacyTarget;
			buildArgumentsString = "$(ACTION)";
			buildConfigurationList = D6F0DA2722A66447002FBC96 /* Build configuration list for PBXLegacyTarget "cbtlibs" */;
			buildPhases = (
			);
			buildToolPath = /usr/bin/make;
			buildWorkingDirectory = "/Users/songruiwang/GitHub/Laboratory/AppleSources/cctools-895/cbtlibs";
			dependencies = (
			);
			name = cbtlibs;
			passBuildSettingsInEnvironment = 1;
			productName = cbtlibs;
		};
/* End PBXLegacyTarget section */

/* Begin PBXProject section */
		D6F0DA2022A66447002FBC96 /* Project object */ = {
			isa = PBXProject;
			attributes = {
			};
			buildConfigurationList = D6F0DA2322A66447002FBC96 /* Build configuration list for PBXProject "cbtlibs" */;
			compatibilityVersion = "Xcode 9.3";
			developmentRegion = en;
			hasScannedForEncodings = 0;
			knownRegions = (
				en,
			);
			mainGroup = D6F0DA1F22A66447002FBC96;
			projectDirPath = "";
			projectRoot = "";
			targets = (
				D6F0DA2422A66447002FBC96 /* cbtlibs */,
			);
		};
/* End PBXProject section */

/* Begin XCBuildConfiguration section */
		D6F0DA2122A66447002FBC96 /* Debug */ = {
			isa = XCBuildConfiguration;
			buildSettings = {
				ARCHS = "$(ARCHS_STANDARD_32_BIT)";
				COPY_PHASE_STRIP = NO;
				GCC_WARN_ABOUT_RETURN_TYPE = YES;
				GCC_WARN_UNUSED_VARIABLE = YES;
				ONLY_ACTIVE_ARCH = YES;
				SDKROOT = macosx10.6;
			};
			name = Debug;
		};
		D6F0DA2222A66447002FBC96 /* Release */ = {
			isa = XCBuildConfiguration;
			buildSettings = {
				ARCHS = "$(ARCHS_STANDARD_32_BIT)";
				COPY_PHASE_STRIP = YES;
				GCC_WARN_ABOUT_RETURN_TYPE = YES;
				GCC_WARN_UNUSED_VARIABLE = YES;
				SDKROOT = macosx10.6;
			};
			name = Release;
		};
		D6F0DA2822A66447002FBC96 /* Debug */ = {
			isa = XCBuildConfiguration;
			buildSettings = {
				COPY_PHASE_STRIP = NO;
				DEBUGGING_SYMBOLS = YES;
				GCC_DYNAMIC_NO_PIC = NO;
				GCC_ENABLE_FIX_AND_CONTINUE = YES;
				GCC_GENERATE_DEBUGGING_SYMBOLS = YES;
				GCC_OPTIMIZATION_LEVEL = 0;
				OTHER_CFLAGS = "";
				OTHER_LDFLAGS = "";
				PRODUCT_NAME = cbtlibs;
			};
			name = Debug;
		};
		D6F0DA2922A66447002FBC96 /* Release */ = {
			isa = XCBuildConfiguration;
			buildSettings = {
				COPY_PHASE_STRIP = YES;
				DEBUG_INFORMATION_FORMAT = "dwarf-with-dsym";
				GCC_ENABLE_FIX_AND_CONTINUE = NO;
				OTHER_CFLAGS = "";
				OTHER_LDFLAGS = "";
				PRODUCT_NAME = cbtlibs;
			};
			name = Release;
		};
/* End XCBuildConfiguration section */

/* Begin XCConfigurationList section */
		D6F0DA2322A66447002FBC96 /* Build configuration list for PBXProject "cbtlibs" */ = {
			isa = XCConfigurationList;
			buildConfigurations = (
				D6F0DA2122A66447002FBC96 /* Debug */,
				D6F0DA2222A66447002FBC96 /* Release */,
			);
			defaultConfigurationIsVisible = 0;
			defaultConfigurationName = Release;
		};
		D6F0DA2722A66447002FBC96 /* Build configuration list for PBXLegacyTarget "cbtlibs" */ = {
			isa = XCConfigurationList;
			buildConfigurations = (
				D6F0DA2822A66447002FBC96 /* Debug */,
				D6F0DA2922A66447002FBC96 /* Release */,
			);
			defaultConfigurationIsVisible = 0;
			defaultConfigurationName = Release;
		};
/* End XCConfigurationList section */
	};
	rootObject = D6F0DA2022A66447002FBC96 /* Project object */;
}
